
Microsoft Visual Studio Solution File, Format Version 12.00
# Visual Studio 15
VisualStudioVersion = 15.0.27428.2043
MinimumVisualStudioVersion = 10.0.40219.1
Project("{8BC9CEB8-8B4A-11D0-8D11-00A0C91BC942}") = "HotelManagementSystem", "HotelManagementSystem\HotelManagementSystem.vcxproj", "{08E2CE5B-3CD2-478A-9BBA-B6A9F3F28049}"
EndProject
Project("{54435603-DBB4-11D2-8724-00A0C9A8B90C}") = "HotelManagementSetup", "HotelManagementSetup\HotelManagementSetup.vdproj", "{09AC35F8-30E9-434A-91AA-B344ABE7DE61}"
EndProject
Global
	GlobalSection(SolutionConfigurationPlatforms) = preSolution
		Debug|x64 = Debug|x64
		Debug|x86 = Debug|x86
		Release|x64 = Release|x64
		Release|x86 = Release|x86
	EndGlobalSection
	GlobalSection(ProjectConfigurationPlatforms) = postSolution
		{08E2CE5B-3CD2-478A-9BBA-B6A9F3F28049}.Debug|x64.ActiveCfg = Debug|x64
		{08E2CE5B-3CD2-478A-9BBA-B6A9F3F28049}.Debug|x64.Build.0 = Debug|x64
		{08E2CE5B-3CD2-478A-9BBA-B6A9F3F28049}.Debug|x86.ActiveCfg = Debug|Win32
		{08E2CE5B-3CD2-478A-9BBA-B6A9F3F28049}.Debug|x86.Build.0 = Debug|Win32
		{08E2CE5B-3CD2-478A-9BBA-B6A9F3F28049}.Release|x64.ActiveCfg = Release|x64
		{08E2CE5B-3CD2-478A-9BBA-B6A9F3F28049}.Release|x64.Build.0 = Release|x64
		{08E2CE5B-3CD2-478A-9BBA-B6A9F3F28049}.Release|x86.ActiveCfg = Release|Win32
		{08E2CE5B-3CD2-478A-9BBA-B6A9F3F28049}.Release|x86.Build.0 = Release|Win32
		{09AC35F8-30E9-434A-91AA-B344ABE7DE61}.Debug|x64.ActiveCfg = Debug
		{09AC35F8-30E9-434A-91AA-B344ABE7DE61}.Debug|x86.ActiveCfg = Debug
		{09AC35F8-30E9-434A-91AA-B344ABE7DE61}.Release|x64.ActiveCfg = Release
		{09AC35F8-30E9-434A-91AA-B344ABE7DE61}.Release|x86.ActiveCfg = Release
	EndGlobalSection
	GlobalSection(SolutionProperties) = preSolution
		HideSolutionNode = FALSE
	EndGlobalSection
	GlobalSection(ExtensibilityGlobals) = postSolution
		SolutionGuid = {32016895-A221-4EAB-9B1E-475B90E3A769}
	EndGlobalSection
EndGlobal
